
Microsoft Visual Studio Solution File, Format Version 12.00
# Visual Studio Version 16
VisualStudioVersion = 16.0.30804.86
MinimumVisualStudioVersion = 10.0.40219.1
Project("{888888A0-9F3D-457C-B088-3A5042F75D52}") = "PythonApp1", "PythonApp1\PythonApp1.pyproj", "{FB7A87CE-2422-42AF-9C57-2C47FE503487}"
EndProject
Global
	GlobalSection(SolutionConfigurationPlatforms) = preSolution
		Debug|Any CPU = Debug|Any CPU
		Release|Any CPU = Release|Any CPU
	EndGlobalSection
	GlobalSection(ProjectConfigurationPlatforms) = postSolution
		{FB7A87CE-2422-42AF-9C57-2C47FE503487}.Debug|Any CPU.ActiveCfg = Debug|Any CPU
		{FB7A87CE-2422-42AF-9C57-2C47FE503487}.Release|Any CPU.ActiveCfg = Release|Any CPU
	EndGlobalSection
	GlobalSection(SolutionProperties) = preSolution
		HideSolutionNode = FALSE
	EndGlobalSection
	GlobalSection(ExtensibilityGlobals) = postSolution
		SolutionGuid = {16929EBA-BA37-40D7-8FDC-1418826D8672}
	EndGlobalSection
EndGlobal
